
Microsoft Visual Studio Solution File, Format Version 12.00
# Visual Studio 14
VisualStudioVersion = 14.0.25420.1
MinimumVisualStudioVersion = 10.0.40219.1
Project("{FAE04EC0-301F-11D3-BF4B-00C04F79EFBC}") = "Engine", "Engine\Engine.csproj", "{25D0207B-A871-4EF6-A23B-1FF7B15306FE}"
EndProject
Project("{FAE04EC0-301F-11D3-BF4B-00C04F79EFBC}") = "TestEngine", "TestEngine\TestEngine.csproj", "{C5FB76AA-6B81-4EDD-AB62-4786EE82440D}"
EndProject
Project("{FAE04EC0-301F-11D3-BF4B-00C04F79EFBC}") = "Workbench", "Workbench\Workbench.csproj", "{A3102E09-45C1-482E-8650-48CE48B3FBB4}"
EndProject
Project("{FAE04EC0-301F-11D3-BF4B-00C04F79EFBC}") = "WorkbenchWPF", "WorkbenchWPF\WorkbenchWPF.csproj", "{6564A597-708D-4EB8-B41B-1922B3AA99BF}"
EndProject
Global
	GlobalSection(SolutionConfigurationPlatforms) = preSolution
		Debug|Any CPU = Debug|Any CPU
		Release|Any CPU = Release|Any CPU
	EndGlobalSection
	GlobalSection(ProjectConfigurationPlatforms) = postSolution
		{25D0207B-A871-4EF6-A23B-1FF7B15306FE}.Debug|Any CPU.ActiveCfg = Debug|Any CPU
		{25D0207B-A871-4EF6-A23B-1FF7B15306FE}.Debug|Any CPU.Build.0 = Debug|Any CPU
		{25D0207B-A871-4EF6-A23B-1FF7B15306FE}.Release|Any CPU.ActiveCfg = Release|Any CPU
		{25D0207B-A871-4EF6-A23B-1FF7B15306FE}.Release|Any CPU.Build.0 = Release|Any CPU
		{C5FB76AA-6B81-4EDD-AB62-4786EE82440D}.Debug|Any CPU.ActiveCfg = Debug|Any CPU
		{C5FB76AA-6B81-4EDD-AB62-4786EE82440D}.Debug|Any CPU.Build.0 = Debug|Any CPU
		{C5FB76AA-6B81-4EDD-AB62-4786EE82440D}.Release|Any CPU.ActiveCfg = Release|Any CPU
		{C5FB76AA-6B81-4EDD-AB62-4786EE82440D}.Release|Any CPU.Build.0 = Release|Any CPU
		{A3102E09-45C1-482E-8650-48CE48B3FBB4}.Debug|Any CPU.ActiveCfg = Debug|Any CPU
		{A3102E09-45C1-482E-8650-48CE48B3FBB4}.Debug|Any CPU.Build.0 = Debug|Any CPU
		{A3102E09-45C1-482E-8650-48CE48B3FBB4}.Release|Any CPU.ActiveCfg = Release|Any CPU
		{A3102E09-45C1-482E-8650-48CE48B3FBB4}.Release|Any CPU.Build.0 = Release|Any CPU
		{6564A597-708D-4EB8-B41B-1922B3AA99BF}.Debug|Any CPU.ActiveCfg = Debug|Any CPU
		{6564A597-708D-4EB8-B41B-1922B3AA99BF}.Debug|Any CPU.Build.0 = Debug|Any CPU
		{6564A597-708D-4EB8-B41B-1922B3AA99BF}.Release|Any CPU.ActiveCfg = Release|Any CPU
		{6564A597-708D-4EB8-B41B-1922B3AA99BF}.Release|Any CPU.Build.0 = Release|Any CPU
	EndGlobalSection
	GlobalSection(SolutionProperties) = preSolution
		HideSolutionNode = FALSE
	EndGlobalSection
	GlobalSection(ExtensibilityGlobals) = postSolution
		VisualSVNWorkingCopyRoot = .
	EndGlobalSection
EndGlobal
